Microsoft Visual Studio Solution File, Format Version 11.00
# Visual Studio 2008

Project("{84E0770E-07C4-CF67-AA59-A8A894B1E753}") = "Unity Breakout", "Assembly-CSharp.csproj", "{AEC2A50F-3A3F-0ED6-71AD-5B432F78C778}"
EndProject
Project("{84E0770E-07C4-CF67-AA59-A8A894B1E753}") = "Unity Breakout", "Assembly-CSharp-Editor.csproj", "{6D0F5950-886B-72B7-606E-CCE974F7BBF7}"
EndProject
Global
	GlobalSection(SolutionConfigurationPlatforms) = preSolution
		Debug|Any CPU = Debug|Any CPU
		Release|Any CPU = Release|Any CPU
	EndGlobalSection
	GlobalSection(ProjectConfigurationPlatforms) = postSolution
		{AEC2A50F-3A3F-0ED6-71AD-5B432F78C778}.Debug|Any CPU.ActiveCfg = Debug|Any CPU
		{AEC2A50F-3A3F-0ED6-71AD-5B432F78C778}.Debug|Any CPU.Build.0 = Debug|Any CPU
		{AEC2A50F-3A3F-0ED6-71AD-5B432F78C778}.Release|Any CPU.ActiveCfg = Release|Any CPU
		{AEC2A50F-3A3F-0ED6-71AD-5B432F78C778}.Release|Any CPU.Build.0 = Release|Any CPU
		{6D0F5950-886B-72B7-606E-CCE974F7BBF7}.Debug|Any CPU.ActiveCfg = Debug|Any CPU
		{6D0F5950-886B-72B7-606E-CCE974F7BBF7}.Debug|Any CPU.Build.0 = Debug|Any CPU
		{6D0F5950-886B-72B7-606E-CCE974F7BBF7}.Release|Any CPU.ActiveCfg = Release|Any CPU
		{6D0F5950-886B-72B7-606E-CCE974F7BBF7}.Release|Any CPU.Build.0 = Release|Any CPU
	EndGlobalSection
	GlobalSection(SolutionProperties) = preSolution
		HideSolutionNode = FALSE
	EndGlobalSection
																																								GlobalSection(MonoDevelopProperties) = preSolution
		StartupItem = Assembly-CSharp.csproj
		Policies = $0
		$0.TextStylePolicy = $1
		$1.inheritsSet = null
		$1.scope = text/x-csharp
		$0.CSharpFormattingPolicy = $2
		$2.inheritsSet = Mono
		$2.inheritsScope = text/x-csharp
		$2.scope = text/x-csharp
		$0.TextStylePolicy = $3
		$3.FileWidth = 120
		$3.TabWidth = 4
		$3.EolMarker = Unix
		$3.inheritsSet = Mono
		$3.inheritsScope = text/plain
		$3.scope = text/plain
	EndGlobalSection

EndGlobal
